
Microsoft Visual Studio Solution File, Format Version 12.00
# Visual Studio Version 16
VisualStudioVersion = 16.0.28803.452
MinimumVisualStudioVersion = 10.0.40219.1
Project("{9A19103F-16F7-4668-BE54-9A1E7A4F7556}") = "CarRental.Web", "CarRental.Web\CarRental.Web.csproj", "{70A8AA17-2FBB-4825-8089-1B1A5451B304}"
EndProject
Project("{00D1A9C2-B5F0-4AF3-8072-F6C62B433612}") = "CarRental.DB", "CarRental.DB\CarRental.DB.sqlproj", "{8BB03155-679A-4638-82A7-4E326350B8B5}"
EndProject
Project("{9A19103F-16F7-4668-BE54-9A1E7A4F7556}") = "CarRental.DAL", "CarRental.DAL\CarRental.DAL.csproj", "{3B2CCA77-F538-4D56-ADDB-8371DB04ED4C}"
EndProject
Project("{FAE04EC0-301F-11D3-BF4B-00C04F79EFBC}") = "CarRental.BL", "CarRental.BL\CarRental.BL.csproj", "{BA59F346-ADDB-4ABC-819B-2170C4CF8898}"
EndProject
Global
	GlobalSection(SolutionConfigurationPlatforms) = preSolution
		Debug|Any CPU = Debug|Any CPU
		Release|Any CPU = Release|Any CPU
	EndGlobalSection
	GlobalSection(ProjectConfigurationPlatforms) = postSolution
		{70A8AA17-2FBB-4825-8089-1B1A5451B304}.Debug|Any CPU.ActiveCfg = Debug|Any CPU
		{70A8AA17-2FBB-4825-8089-1B1A5451B304}.Debug|Any CPU.Build.0 = Debug|Any CPU
		{70A8AA17-2FBB-4825-8089-1B1A5451B304}.Release|Any CPU.ActiveCfg = Release|Any CPU
		{70A8AA17-2FBB-4825-8089-1B1A5451B304}.Release|Any CPU.Build.0 = Release|Any CPU
		{8BB03155-679A-4638-82A7-4E326350B8B5}.Debug|Any CPU.ActiveCfg = Debug|Any CPU
		{8BB03155-679A-4638-82A7-4E326350B8B5}.Debug|Any CPU.Build.0 = Debug|Any CPU
		{8BB03155-679A-4638-82A7-4E326350B8B5}.Debug|Any CPU.Deploy.0 = Debug|Any CPU
		{8BB03155-679A-4638-82A7-4E326350B8B5}.Release|Any CPU.ActiveCfg = Release|Any CPU
		{8BB03155-679A-4638-82A7-4E326350B8B5}.Release|Any CPU.Build.0 = Release|Any CPU
		{8BB03155-679A-4638-82A7-4E326350B8B5}.Release|Any CPU.Deploy.0 = Release|Any CPU
		{3B2CCA77-F538-4D56-ADDB-8371DB04ED4C}.Debug|Any CPU.ActiveCfg = Debug|Any CPU
		{3B2CCA77-F538-4D56-ADDB-8371DB04ED4C}.Debug|Any CPU.Build.0 = Debug|Any CPU
		{3B2CCA77-F538-4D56-ADDB-8371DB04ED4C}.Release|Any CPU.ActiveCfg = Release|Any CPU
		{3B2CCA77-F538-4D56-ADDB-8371DB04ED4C}.Release|Any CPU.Build.0 = Release|Any CPU
		{BA59F346-ADDB-4ABC-819B-2170C4CF8898}.Debug|Any CPU.ActiveCfg = Debug|Any CPU
		{BA59F346-ADDB-4ABC-819B-2170C4CF8898}.Debug|Any CPU.Build.0 = Debug|Any CPU
		{BA59F346-ADDB-4ABC-819B-2170C4CF8898}.Release|Any CPU.ActiveCfg = Release|Any CPU
		{BA59F346-ADDB-4ABC-819B-2170C4CF8898}.Release|Any CPU.Build.0 = Release|Any CPU
	EndGlobalSection
	GlobalSection(SolutionProperties) = preSolution
		HideSolutionNode = FALSE
	EndGlobalSection
	GlobalSection(ExtensibilityGlobals) = postSolution
		SolutionGuid = {9FC170C9-3008-416F-9B9C-9D341687E142}
	EndGlobalSection
EndGlobal
